
Microsoft Visual Studio Solution File, Format Version 12.00
# Visual Studio Version 17
VisualStudioVersion = 17.11.35327.3
MinimumVisualStudioVersion = 10.0.40219.1
Project("{FAE04EC0-301F-11D3-BF4B-00C04F79EFBC}") = "Lab2proj", "Lab2proj\Lab2proj.csproj", "{0AE1AF2F-A0E9-4BA3-8E41-8163BF5BCB4C}"
EndProject
Global
	GlobalSection(SolutionConfigurationPlatforms) = preSolution
		Debug|Any CPU = Debug|Any CPU
		Release|Any CPU = Release|Any CPU
	EndGlobalSection
	GlobalSection(ProjectConfigurationPlatforms) = postSolution
		{0AE1AF2F-A0E9-4BA3-8E41-8163BF5BCB4C}.Debug|Any CPU.ActiveCfg = Debug|Any CPU
		{0AE1AF2F-A0E9-4BA3-8E41-8163BF5BCB4C}.Debug|Any CPU.Build.0 = Debug|Any CPU
		{0AE1AF2F-A0E9-4BA3-8E41-8163BF5BCB4C}.Release|Any CPU.ActiveCfg = Release|Any CPU
		{0AE1AF2F-A0E9-4BA3-8E41-8163BF5BCB4C}.Release|Any CPU.Build.0 = Release|Any CPU
	EndGlobalSection
	GlobalSection(SolutionProperties) = preSolution
		HideSolutionNode = FALSE
	EndGlobalSection
	GlobalSection(ExtensibilityGlobals) = postSolution
		SolutionGuid = {88F6C470-141A-4F0B-84D2-61A6FC1E39E9}
	EndGlobalSection
EndGlobal
